// !$*UTF8*$!
{
	archiveVersion = 1;
	classes = {
	};
	objectVersion = 56;
	objects = {

/* Begin PBXBuildFile section */
		A90174CB2B5A723600FF390C /* RandomNumberApp.swift in Sources */ = {isa = PBXBuildFile; fileRef = A90174CA2B5A723600FF390C /* RandomNumberApp.swift */; };
		A90174CD2B5A723600FF390C /* ContentView.swift in Sources */ = {isa = PBXBuildFile; fileRef = A90174CC2B5A723600FF390C /* ContentView.swift */; };
		A90174CF2B5A723800FF390C /* Assets.xcassets in Resources */ = {isa = PBXBuildFile; fileRef = A90174CE2B5A723800FF390C /* Assets.xcassets */; };
		A90174D32B5A723800FF390C /* Preview Assets.xcassets in Resources */ = {isa = PBXBuildFile; fileRef = A90174D22B5A723800FF390C /* Preview Assets.xcassets */; };
		A90174DD2B5A723800FF390C /* RandomNumberTests.swift in Sources */ = {isa = PBXBuildFile; fileRef = A90174DC2B5A723800FF390C /* RandomNumberTests.swift */; };
		A90174E72B5A723800FF390C /* RandomNumberUITests.swift in Sources */ = {isa = PBXBuildFile; fileRef = A90174E62B5A723800FF390C /* RandomNumberUITests.swift */; };
		A90174E92B5A723800FF390C /* RandomNumberUITestsLaunchTests.swift in Sources */ = {isa = PBXBuildFile; fileRef = A90174E82B5A723800FF390C /* RandomNumberUITestsLaunchTests.swift */; };
		A90174F92B5ACFA000FF390C /* Game.swift in Sources */ = {isa = PBXBuildFile; fileRef = A90174F82B5ACFA000FF390C /* Game.swift */; };
		A90175032B6021AA00FF390C /* Fredoka-Regular.ttf in Resources */ = {isa = PBXBuildFile; fileRef = A90175022B6021AA00FF390C /* Fredoka-Regular.ttf */; };
		A90175432B67854700FF390C /* Fredoka-SemiBold.ttf in Resources */ = {isa = PBXBuildFile; fileRef = A90175412B67854600FF390C /* Fredoka-SemiBold.ttf */; };
		A90175442B67854700FF390C /* Fredoka-Bold.ttf in Resources */ = {isa = PBXBuildFile; fileRef = A90175422B67854600FF390C /* Fredoka-Bold.ttf */; };
/* End PBXBuildFile section */

/* Begin PBXContainerItemProxy section */
		A90174D92B5A723800FF390C /* PBXContainerItemProxy */ = {
			isa = PBXContainerItemProxy;
			containerPortal = A90174BF2B5A723600FF390C /* Project object */;
			proxyType = 1;
			remoteGlobalIDString = A90174C62B5A723600FF390C;
			remoteInfo = RandomNumber;
		};
		A90174E32B5A723800FF390C /* PBXContainerItemProxy */ = {
			isa = PBXContainerItemProxy;
			containerPortal = A90174BF2B5A723600FF390C /* Project object */;
			proxyType = 1;
			remoteGlobalIDString = A90174C62B5A723600FF390C;
			remoteInfo = RandomNumber;
		};
/* End PBXContainerItemProxy section */

/* Begin PBXFileReference section */
		A90174C72B5A723600FF390C /* RandomNumber.app */ = {isa = PBXFileReference; explicitFileType = wrapper.application; includeInIndex = 0; path = RandomNumber.app; sourceTree = BUILT_PRODUCTS_DIR; };
		A90174CA2B5A723600FF390C /* RandomNumberApp.swift */ = {isa = PBXFileReference; lastKnownFileType = sourcecode.swift; path = RandomNumberApp.swift; sourceTree = "<group>"; };
		A90174CC2B5A723600FF390C /* ContentView.swift */ = {isa = PBXFileReference; lastKnownFileType = sourcecode.swift; path = ContentView.swift; sourceTree = "<group>"; };
		A90174CE2B5A723800FF390C /* Assets.xcassets */ = {isa = PBXFileReference; lastKnownFileType = folder.assetcatalog; path = Assets.xcassets; sourceTree = "<group>"; };
		A90174D02B5A723800FF390C /* RandomNumber.entitlements */ = {isa = PBXFileReference; lastKnownFileType = text.plist.entitlements; path = RandomNumber.entitlements; sourceTree = "<group>"; };
		A90174D22B5A723800FF390C /* Preview Assets.xcassets */ = {isa = PBXFileReference; lastKnownFileType = folder.assetcatalog; path = "Preview Assets.xcassets"; sourceTree = "<group>"; };
		A90174D82B5A723800FF390C /* RandomNumberTests.xctest */ = {isa = PBXFileReference; explicitFileType = wrapper.cfbundle; includeInIndex = 0; path = RandomNumberTests.xctest; sourceTree = BUILT_PRODUCTS_DIR; };
		A90174DC2B5A723800FF390C /* RandomNumberTests.swift */ = {isa = PBXFileReference; lastKnownFileType = sourcecode.swift; path = RandomNumberTests.swift; sourceTree = "<group>"; };
		A90174E22B5A723800FF390C /* RandomNumberUITests.xctest */ = {isa = PBXFileReference; explicitFileType = wrapper.cfbundle; includeInIndex = 0; path = RandomNumberUITests.xctest; sourceTree = BUILT_PRODUCTS_DIR; };
		A90174E62B5A723800FF390C /* RandomNumberUITests.swift */ = {isa = PBXFileReference; lastKnownFileType = sourcecode.swift; path = RandomNumberUITests.swift; sourceTree = "<group>"; };
		A90174E82B5A723800FF390C /* RandomNumberUITestsLaunchTests.swift */ = {isa = PBXFileReference; lastKnownFileType = sourcecode.swift; path = RandomNumberUITestsLaunchTests.swift; sourceTree = "<group>"; };
		A90174F82B5ACFA000FF390C /* Game.swift */ = {isa = PBXFileReference; lastKnownFileType = sourcecode.swift; path = Game.swift; sourceTree = "<group>"; };
		A90175022B6021AA00FF390C /* Fredoka-Regular.ttf */ = {isa = PBXFileReference; lastKnownFileType = file; path = "Fredoka-Regular.ttf"; sourceTree = "<group>"; };
		A90175412B67854600FF390C /* Fredoka-SemiBold.ttf */ = {isa = PBXFileReference; lastKnownFileType = file; path = "Fredoka-SemiBold.ttf"; sourceTree = "<group>"; };
		A90175422B67854600FF390C /* Fredoka-Bold.ttf */ = {isa = PBXFileReference; lastKnownFileType = file; path = "Fredoka-Bold.ttf"; sourceTree = "<group>"; };
/* End PBXFileReference section */

/* Begin PBXFrameworksBuildPhase section */
		A90174C42B5A723600FF390C /* Frameworks */ = {
			isa = PBXFrameworksBuildPhase;
			buildActionMask = 2147483647;
			files = (
			);
			runOnlyForDeploymentPostprocessing = 0;
		};
		A90174D52B5A723800FF390C /* Frameworks */ = {
			isa = PBXFrameworksBuildPhase;
			buildActionMask = 2147483647;
			files = (
			);
			runOnlyForDeploymentPostprocessing = 0;
		};
		A90174DF2B5A723800FF390C /* Frameworks */ = {
			isa = PBXFrameworksBuildPhase;
			buildActionMask = 2147483647;
			files = (
			);
			runOnlyForDeploymentPostprocessing = 0;
		};
/* End PBXFrameworksBuildPhase section */

/* Begin PBXGroup section */
		A90174BE2B5A723600FF390C = {
			isa = PBXGroup;
			children = (
				A90174C92B5A723600FF390C /* RandomNumber */,
				A90174DB2B5A723800FF390C /* RandomNumberTests */,
				A90174E52B5A723800FF390C /* RandomNumberUITests */,
				A90174C82B5A723600FF390C /* Products */,
			);
			sourceTree = "<group>";
		};
		A90174C82B5A723600FF390C /* Products */ = {
			isa = PBXGroup;
			children = (
				A90174C72B5A723600FF390C /* RandomNumber.app */,
				A90174D82B5A723800FF390C /* RandomNumberTests.xctest */,
				A90174E22B5A723800FF390C /* RandomNumberUITests.xctest */,
			);
			name = Products;
			sourceTree = "<group>";
		};
		A90174C92B5A723600FF390C /* RandomNumber */ = {
			isa = PBXGroup;
			children = (
				A90175022B6021AA00FF390C /* Fredoka-Regular.ttf */,
				A90175422B67854600FF390C /* Fredoka-Bold.ttf */,
				A90175412B67854600FF390C /* Fredoka-SemiBold.ttf */,
				A90174CA2B5A723600FF390C /* RandomNumberApp.swift */,
				A90174CC2B5A723600FF390C /* ContentView.swift */,
				A90174F52B5A726500FF390C /* Model */,
				A90174CE2B5A723800FF390C /* Assets.xcassets */,
				A90174D02B5A723800FF390C /* RandomNumber.entitlements */,
				A90174D12B5A723800FF390C /* Preview Content */,
			);
			path = RandomNumber;
			sourceTree = "<group>";
		};
		A90174D12B5A723800FF390C /* Preview Content */ = {
			isa = PBXGroup;
			children = (
				A90174D22B5A723800FF390C /* Preview Assets.xcassets */,
			);
			path = "Preview Content";
			sourceTree = "<group>";
		};
		A90174DB2B5A723800FF390C /* RandomNumberTests */ = {
			isa = PBXGroup;
			children = (
				A90174DC2B5A723800FF390C /* RandomNumberTests.swift */,
			);
			path = RandomNumberTests;
			sourceTree = "<group>";
		};
		A90174E52B5A723800FF390C /* RandomNumberUITests */ = {
			isa = PBXGroup;
			children = (
				A90174E62B5A723800FF390C /* RandomNumberUITests.swift */,
				A90174E82B5A723800FF390C /* RandomNumberUITestsLaunchTests.swift */,
			);
			path = RandomNumberUITests;
			sourceTree = "<group>";
		};
		A90174F52B5A726500FF390C /* Model */ = {
			isa = PBXGroup;
			children = (
				A90174F82B5ACFA000FF390C /* Game.swift */,
			);
			path = Model;
			sourceTree = "<group>";
		};
/* End PBXGroup section */

/* Begin PBXNativeTarget section */
		A90174C62B5A723600FF390C /* RandomNumber */ = {
			isa = PBXNativeTarget;
			buildConfigurationList = A90174EC2B5A723800FF390C /* Build configuration list for PBXNativeTarget "RandomNumber" */;
			buildPhases = (
				A90174C32B5A723600FF390C /* Sources */,
				A90174C42B5A723600FF390C /* Frameworks */,
				A90174C52B5A723600FF390C /* Resources */,
			);
			buildRules = (
			);
			dependencies = (
			);
			name = RandomNumber;
			productName = RandomNumber;
			productReference = A90174C72B5A723600FF390C /* RandomNumber.app */;
			productType = "com.apple.product-type.application";
		};
		A90174D72B5A723800FF390C /* RandomNumberTests */ = {
			isa = PBXNativeTarget;
			buildConfigurationList = A90174EF2B5A723800FF390C /* Build configuration list for PBXNativeTarget "RandomNumberTests" */;
			buildPhases = (
				A90174D42B5A723800FF390C /* Sources */,
				A90174D52B5A723800FF390C /* Frameworks */,
				A90174D62B5A723800FF390C /* Resources */,
			);
			buildRules = (
			);
			dependencies = (
				A90174DA2B5A723800FF390C /* PBXTargetDependency */,
			);
			name = RandomNumberTests;
			productName = RandomNumberTests;
			productReference = A90174D82B5A723800FF390C /* RandomNumberTests.xctest */;
			productType = "com.apple.product-type.bundle.unit-test";
		};
		A90174E12B5A723800FF390C /* RandomNumberUITests */ = {
			isa = PBXNativeTarget;
			buildConfigurationList = A90174F22B5A723800FF390C /* Build configuration list for PBXNativeTarget "RandomNumberUITests" */;
			buildPhases = (
				A90174DE2B5A723800FF390C /* Sources */,
				A90174DF2B5A723800FF390C /* Frameworks */,
				A90174E02B5A723800FF390C /* Resources */,
			);
			buildRules = (
			);
			dependencies = (
				A90174E42B5A723800FF390C /* PBXTargetDependency */,
			);
			name = RandomNumberUITests;
			productName = RandomNumberUITests;
			productReference = A90174E22B5A723800FF390C /* RandomNumberUITests.xctest */;
			productType = "com.apple.product-type.bundle.ui-testing";
		};
/* End PBXNativeTarget section */

/* Begin PBXProject section */
		A90174BF2B5A723600FF390C /* Project object */ = {
			isa = PBXProject;
			attributes = {
				BuildIndependentTargetsInParallel = 1;
				LastSwiftUpdateCheck = 1430;
				LastUpgradeCheck = 1430;
				TargetAttributes = {
					A90174C62B5A723600FF390C = {
						CreatedOnToolsVersion = 14.3.1;
					};
					A90174D72B5A723800FF390C = {
						CreatedOnToolsVersion = 14.3.1;
						TestTargetID = A90174C62B5A723600FF390C;
					};
					A90174E12B5A723800FF390C = {
						CreatedOnToolsVersion = 14.3.1;
						TestTargetID = A90174C62B5A723600FF390C;
					};
				};
			};
			buildConfigurationList = A90174C22B5A723600FF390C /* Build configuration list for PBXProject "RandomNumber" */;
			compatibilityVersion = "Xcode 14.0";
			developmentRegion = en;
			hasScannedForEncodings = 0;
			knownRegions = (
				en,
				Base,
			);
			mainGroup = A90174BE2B5A723600FF390C;
			productRefGroup = A90174C82B5A723600FF390C /* Products */;
			projectDirPath = "";
			projectRoot = "";
			targets = (
				A90174C62B5A723600FF390C /* RandomNumber */,
				A90174D72B5A723800FF390C /* RandomNumberTests */,
				A90174E12B5A723800FF390C /* RandomNumberUITests */,
			);
		};
/* End PBXProject section */

/* Begin PBXResourcesBuildPhase section */
		A90174C52B5A723600FF390C /* Resources */ = {
			isa = PBXResourcesBuildPhase;
			buildActionMask = 2147483647;
			files = (
				A90175432B67854700FF390C /* Fredoka-SemiBold.ttf in Resources */,
				A90174D32B5A723800FF390C /* Preview Assets.xcassets in Resources */,
				A90175442B67854700FF390C /* Fredoka-Bold.ttf in Resources */,
				A90175032B6021AA00FF390C /* Fredoka-Regular.ttf in Resources */,
				A90174CF2B5A723800FF390C /* Assets.xcassets in Resources */,
			);
			runOnlyForDeploymentPostprocessing = 0;
		};
		A90174D62B5A723800FF390C /* Resources */ = {
			isa = PBXResourcesBuildPhase;
			buildActionMask = 2147483647;
			files = (
			);
			runOnlyForDeploymentPostprocessing = 0;
		};
		A90174E02B5A723800FF390C /* Resources */ = {
			isa = PBXResourcesBuildPhase;
			buildActionMask = 2147483647;
			files = (
			);
			runOnlyForDeploymentPostprocessing = 0;
		};
/* End PBXResourcesBuildPhase section */

/* Begin PBXSourcesBuildPhase section */
		A90174C32B5A723600FF390C /* Sources */ = {
			isa = PBXSourcesBuildPhase;
			buildActionMask = 2147483647;
			files = (
				A90174CD2B5A723600FF390C /* ContentView.swift in Sources */,
				A90174CB2B5A723600FF390C /* RandomNumberApp.swift in Sources */,
				A90174F92B5ACFA000FF390C /* Game.swift in Sources */,
			);
			runOnlyForDeploymentPostprocessing = 0;
		};
		A90174D42B5A723800FF390C /* Sources */ = {
			isa = PBXSourcesBuildPhase;
			buildActionMask = 2147483647;
			files = (
				A90174DD2B5A723800FF390C /* RandomNumberTests.swift in Sources */,
			);
			runOnlyForDeploymentPostprocessing = 0;
		};
		A90174DE2B5A723800FF390C /* Sources */ = {
			isa = PBXSourcesBuildPhase;
			buildActionMask = 2147483647;
			files = (
				A90174E92B5A723800FF390C /* RandomNumberUITestsLaunchTests.swift in Sources */,
				A90174E72B5A723800FF390C /* RandomNumberUITests.swift in Sources */,
			);
			runOnlyForDeploymentPostprocessing = 0;
		};
/* End PBXSourcesBuildPhase section */

/* Begin PBXTargetDependency section */
		A90174DA2B5A723800FF390C /* PBXTargetDependency */ = {
			isa = PBXTargetDependency;
			target = A90174C62B5A723600FF390C /* RandomNumber */;
			targetProxy = A90174D92B5A723800FF390C /* PBXContainerItemProxy */;
		};
		A90174E42B5A723800FF390C /* PBXTargetDependency */ = {
			isa = PBXTargetDependency;
			target = A90174C62B5A723600FF390C /* RandomNumber */;
			targetProxy = A90174E32B5A723800FF390C /* PBXContainerItemProxy */;
		};
/* End PBXTargetDependency section */

/* Begin XCBuildConfiguration section */
		A90174EA2B5A723800FF390C /* Debug */ = {
			isa = XCBuildConfiguration;
			buildSettings = {
				ALWAYS_SEARCH_USER_PATHS = NO;
				CLANG_ANALYZER_NONNULL = YES;
				CLANG_ANALYZER_NUMBER_OBJECT_CONVERSION = YES_AGGRESSIVE;
				CLANG_CXX_LANGUAGE_STANDARD = "gnu++20";
				CLANG_ENABLE_MODULES = YES;
				CLANG_ENABLE_OBJC_ARC = YES;
				CLANG_ENABLE_OBJC_WEAK = YES;
				CLANG_WARN_BLOCK_CAPTURE_AUTORELEASING = YES;
				CLANG_WARN_BOOL_CONVERSION = YES;
				CLANG_WARN_COMMA = YES;
				CLANG_WARN_CONSTANT_CONVERSION = YES;
				CLANG_WARN_DEPRECATED_OBJC_IMPLEMENTATIONS = YES;
				CLANG_WARN_DIRECT_OBJC_ISA_USAGE = YES_ERROR;
				CLANG_WARN_DOCUMENTATION_COMMENTS = YES;
				CLANG_WARN_EMPTY_BODY = YES;
				CLANG_WARN_ENUM_CONVERSION = YES;
				CLANG_WARN_INFINITE_RECURSION = YES;
				CLANG_WARN_INT_CONVERSION = YES;
				CLANG_WARN_NON_LITERAL_NULL_CONVERSION = YES;
				CLANG_WARN_OBJC_IMPLICIT_RETAIN_SELF = YES;
				CLANG_WARN_OBJC_LITERAL_CONVERSION = YES;
				CLANG_WARN_OBJC_ROOT_CLASS = YES_ERROR;
				CLANG_WARN_QUOTED_INCLUDE_IN_FRAMEWORK_HEADER = YES;
				CLANG_WARN_RANGE_LOOP_ANALYSIS = YES;
				CLANG_WARN_STRICT_PROTOTYPES = YES;
				CLANG_WARN_SUSPICIOUS_MOVE = YES;
				CLANG_WARN_UNGUARDED_AVAILABILITY = YES_AGGRESSIVE;
				CLANG_WARN_UNREACHABLE_CODE = YES;
				CLANG_WARN__DUPLICATE_METHOD_MATCH = YES;
				COPY_PHASE_STRIP = NO;
				DEBUG_INFORMATION_FORMAT = dwarf;
				ENABLE_STRICT_OBJC_MSGSEND = YES;
				ENABLE_TESTABILITY = YES;
				GCC_C_LANGUAGE_STANDARD = gnu11;
				GCC_DYNAMIC_NO_PIC = NO;
				GCC_NO_COMMON_BLOCKS = YES;
				GCC_OPTIMIZATION_LEVEL = 0;
				GCC_PREPROCESSOR_DEFINITIONS = (
					"DEBUG=1",
					"$(inherited)",
				);
				GCC_WARN_64_TO_32_BIT_CONVERSION = YES;
				GCC_WARN_ABOUT_RETURN_TYPE = YES_ERROR;
				GCC_WARN_UNDECLARED_SELECTOR = YES;
				GCC_WARN_UNINITIALIZED_AUTOS = YES_AGGRESSIVE;
				GCC_WARN_UNUSED_FUNCTION = YES;
				GCC_WARN_UNUSED_VARIABLE = YES;
				MTL_ENABLE_DEBUG_INFO = INCLUDE_SOURCE;
				MTL_FAST_MATH = YES;
				ONLY_ACTIVE_ARCH = YES;
				SWIFT_ACTIVE_COMPILATION_CONDITIONS = DEBUG;
				SWIFT_OPTIMIZATION_LEVEL = "-Onone";
			};
			name = Debug;
		};
		A90174EB2B5A723800FF390C /* Release */ = {
			isa = XCBuildConfiguration;
			buildSettings = {
				ALWAYS_SEARCH_USER_PATHS = NO;
				CLANG_ANALYZER_NONNULL = YES;
				CLANG_ANALYZER_NUMBER_OBJECT_CONVERSION = YES_AGGRESSIVE;
				CLANG_CXX_LANGUAGE_STANDARD = "gnu++20";
				CLANG_ENABLE_MODULES = YES;
				CLANG_ENABLE_OBJC_ARC = YES;
				CLANG_ENABLE_OBJC_WEAK = YES;
				CLANG_WARN_BLOCK_CAPTURE_AUTORELEASING = YES;
				CLANG_WARN_BOOL_CONVERSION = YES;
				CLANG_WARN_COMMA = YES;
				CLANG_WARN_CONSTANT_CONVERSION = YES;
				CLANG_WARN_DEPRECATED_OBJC_IMPLEMENTATIONS = YES;
				CLANG_WARN_DIRECT_OBJC_ISA_USAGE = YES_ERROR;
				CLANG_WARN_DOCUMENTATION_COMMENTS = YES;
				CLANG_WARN_EMPTY_BODY = YES;
				CLANG_WARN_ENUM_CONVERSION = YES;
				CLANG_WARN_INFINITE_RECURSION = YES;
				CLANG_WARN_INT_CONVERSION = YES;
				CLANG_WARN_NON_LITERAL_NULL_CONVERSION = YES;
				CLANG_WARN_OBJC_IMPLICIT_RETAIN_SELF = YES;
				CLANG_WARN_OBJC_LITERAL_CONVERSION = YES;
				CLANG_WARN_OBJC_ROOT_CLASS = YES_ERROR;
				CLANG_WARN_QUOTED_INCLUDE_IN_FRAMEWORK_HEADER = YES;
				CLANG_WARN_RANGE_LOOP_ANALYSIS = YES;
				CLANG_WARN_STRICT_PROTOTYPES = YES;
				CLANG_WARN_SUSPICIOUS_MOVE = YES;
				CLANG_WARN_UNGUARDED_AVAILABILITY = YES_AGGRESSIVE;
				CLANG_WARN_UNREACHABLE_CODE = YES;
				CLANG_WARN__DUPLICATE_METHOD_MATCH = YES;
				COPY_PHASE_STRIP = NO;
				DEBUG_INFORMATION_FORMAT = "dwarf-with-dsym";
				ENABLE_NS_ASSERTIONS = NO;
				ENABLE_STRICT_OBJC_MSGSEND = YES;
				GCC_C_LANGUAGE_STANDARD = gnu11;
				GCC_NO_COMMON_BLOCKS = YES;
				GCC_WARN_64_TO_32_BIT_CONVERSION = YES;
				GCC_WARN_ABOUT_RETURN_TYPE = YES_ERROR;
				GCC_WARN_UNDECLARED_SELECTOR = YES;
				GCC_WARN_UNINITIALIZED_AUTOS = YES_AGGRESSIVE;
				GCC_WARN_UNUSED_FUNCTION = YES;
				GCC_WARN_UNUSED_VARIABLE = YES;
				MTL_ENABLE_DEBUG_INFO = NO;
				MTL_FAST_MATH = YES;
				SWIFT_COMPILATION_MODE = wholemodule;
				SWIFT_OPTIMIZATION_LEVEL = "-O";
			};
			name = Release;
		};
		A90174ED2B5A723800FF390C /* Debug */ = {
			isa = XCBuildConfiguration;
			buildSettings = {
				ASSETCATALOG_COMPILER_APPICON_NAME = AppIcon;
				ASSETCATALOG_COMPILER_GLOBAL_ACCENT_COLOR_NAME = AccentColor;
				CODE_SIGN_ENTITLEMENTS = RandomNumber/RandomNumber.entitlements;
				CODE_SIGN_STYLE = Automatic;
				CURRENT_PROJECT_VERSION = 1;
				DEVELOPMENT_ASSET_PATHS = "\"RandomNumber/Preview Content\"";
				DEVELOPMENT_TEAM = 8384YBDT96;
				ENABLE_HARDENED_RUNTIME = YES;
				ENABLE_PREVIEWS = YES;
				GENERATE_INFOPLIST_FILE = YES;
				INFOPLIST_FILE = RandomNumber/Info.plist;
				"INFOPLIST_KEY_UIApplicationSceneManifest_Generation[sdk=iphoneos*]" = YES;
				"INFOPLIST_KEY_UIApplicationSceneManifest_Generation[sdk=iphonesimulator*]" = YES;
				"INFOPLIST_KEY_UIApplicationSupportsIndirectInputEvents[sdk=iphoneos*]" = YES;
				"INFOPLIST_KEY_UIApplicationSupportsIndirectInputEvents[sdk=iphonesimulator*]" = YES;
				"INFOPLIST_KEY_UILaunchScreen_Generation[sdk=iphoneos*]" = YES;
				"INFOPLIST_KEY_UILaunchScreen_Generation[sdk=iphonesimulator*]" = YES;
				"INFOPLIST_KEY_UIStatusBarStyle[sdk=iphoneos*]" = UIStatusBarStyleDefault;
				"INFOPLIST_KEY_UIStatusBarStyle[sdk=iphonesimulator*]" = UIStatusBarStyleDefault;
				INFOPLIST_KEY_UISupportedInterfaceOrientations_iPad = "UIInterfaceOrientationPortrait UIInterfaceOrientationPortraitUpsideDown UIInterfaceOrientationLandscapeLeft UIInterfaceOrientationLandscapeRight";
				INFOPLIST_KEY_UISupportedInterfaceOrientations_iPhone = "UIInterfaceOrientationPortrait UIInterfaceOrientationLandscapeLeft UIInterfaceOrientationLandscapeRight";
				IPHONEOS_DEPLOYMENT_TARGET = 16.4;
				LD_RUNPATH_SEARCH_PATHS = "@executable_path/Frameworks";
				"LD_RUNPATH_SEARCH_PATHS[sdk=macosx*]" = "@executable_path/../Frameworks";
				MACOSX_DEPLOYMENT_TARGET = 13.1;
				MARKETING_VERSION = 1.0;
				PRODUCT_BUNDLE_IDENTIFIER = fusethnd.RandomNumber;
				PRODUCT_NAME = "$(TARGET_NAME)";
				SDKROOT = auto;
				SUPPORTED_PLATFORMS = "iphoneos iphonesimulator macosx";
				SWIFT_EMIT_LOC_STRINGS = YES;
				SWIFT_VERSION = 5.0;
				TARGETED_DEVICE_FAMILY = "1,2";
			};
			name = Debug;
		};
		A90174EE2B5A723800FF390C /* Release */ = {
			isa = XCBuildConfiguration;
			buildSettings = {
				ASSETCATALOG_COMPILER_APPICON_NAME = AppIcon;
				ASSETCATALOG_COMPILER_GLOBAL_ACCENT_COLOR_NAME = AccentColor;
				CODE_SIGN_ENTITLEMENTS = RandomNumber/RandomNumber.entitlements;
				CODE_SIGN_STYLE = Automatic;
				CURRENT_PROJECT_VERSION = 1;
				DEVELOPMENT_ASSET_PATHS = "\"RandomNumber/Preview Content\"";
				DEVELOPMENT_TEAM = 8384YBDT96;
				ENABLE_HARDENED_RUNTIME = YES;
				ENABLE_PREVIEWS = YES;
				GENERATE_INFOPLIST_FILE = YES;
				INFOPLIST_FILE = RandomNumber/Info.plist;
				"INFOPLIST_KEY_UIApplicationSceneManifest_Generation[sdk=iphoneos*]" = YES;
				"INFOPLIST_KEY_UIApplicationSceneManifest_Generation[sdk=iphonesimulator*]" = YES;
				"INFOPLIST_KEY_UIApplicationSupportsIndirectInputEvents[sdk=iphoneos*]" = YES;
				"INFOPLIST_KEY_UIApplicationSupportsIndirectInputEvents[sdk=iphonesimulator*]" = YES;
				"INFOPLIST_KEY_UILaunchScreen_Generation[sdk=iphoneos*]" = YES;
				"INFOPLIST_KEY_UILaunchScreen_Generation[sdk=iphonesimulator*]" = YES;
				"INFOPLIST_KEY_UIStatusBarStyle[sdk=iphoneos*]" = UIStatusBarStyleDefault;
				"INFOPLIST_KEY_UIStatusBarStyle[sdk=iphonesimulator*]" = UIStatusBarStyleDefault;
				INFOPLIST_KEY_UISupportedInterfaceOrientations_iPad = "UIInterfaceOrientationPortrait UIInterfaceOrientationPortraitUpsideDown UIInterfaceOrientationLandscapeLeft UIInterfaceOrientationLandscapeRight";
				INFOPLIST_KEY_UISupportedInterfaceOrientations_iPhone = "UIInterfaceOrientationPortrait UIInterfaceOrientationLandscapeLeft UIInterfaceOrientationLandscapeRight";
				IPHONEOS_DEPLOYMENT_TARGET = 16.4;
				LD_RUNPATH_SEARCH_PATHS = "@executable_path/Frameworks";
				"LD_RUNPATH_SEARCH_PATHS[sdk=macosx*]" = "@executable_path/../Frameworks";
				MACOSX_DEPLOYMENT_TARGET = 13.1;
				MARKETING_VERSION = 1.0;
				PRODUCT_BUNDLE_IDENTIFIER = fusethnd.RandomNumber;
				PRODUCT_NAME = "$(TARGET_NAME)";
				SDKROOT = auto;
				SUPPORTED_PLATFORMS = "iphoneos iphonesimulator macosx";
				SWIFT_EMIT_LOC_STRINGS = YES;
				SWIFT_VERSION = 5.0;
				TARGETED_DEVICE_FAMILY = "1,2";
			};
			name = Release;
		};
		A90174F02B5A723800FF390C /* Debug */ = {
			isa = XCBuildConfiguration;
			buildSettings = {
				ALWAYS_EMBED_SWIFT_STANDARD_LIBRARIES = YES;
				BUNDLE_LOADER = "$(TEST_HOST)";
				CODE_SIGN_STYLE = Automatic;
				CURRENT_PROJECT_VERSION = 1;
				DEVELOPMENT_TEAM = 8384YBDT96;
				GENERATE_INFOPLIST_FILE = YES;
				IPHONEOS_DEPLOYMENT_TARGET = 16.4;
				MACOSX_DEPLOYMENT_TARGET = 13.1;
				MARKETING_VERSION = 1.0;
				PRODUCT_BUNDLE_IDENTIFIER = fusethnd.RandomNumberTests;
				PRODUCT_NAME = "$(TARGET_NAME)";
				SDKROOT = auto;
				SUPPORTED_PLATFORMS = "iphoneos iphonesimulator macosx";
				SWIFT_EMIT_LOC_STRINGS = NO;
				SWIFT_VERSION = 5.0;
				TARGETED_DEVICE_FAMILY = "1,2";
				TEST_HOST = "$(BUILT_PRODUCTS_DIR)/RandomNumber.app/$(BUNDLE_EXECUTABLE_FOLDER_PATH)/RandomNumber";
			};
			name = Debug;
		};
		A90174F12B5A723800FF390C /* Release */ = {
			isa = XCBuildConfiguration;
			buildSettings = {
				ALWAYS_EMBED_SWIFT_STANDARD_LIBRARIES = YES;
				BUNDLE_LOADER = "$(TEST_HOST)";
				CODE_SIGN_STYLE = Automatic;
				CURRENT_PROJECT_VERSION = 1;
				DEVELOPMENT_TEAM = 8384YBDT96;
				GENERATE_INFOPLIST_FILE = YES;
				IPHONEOS_DEPLOYMENT_TARGET = 16.4;
				MACOSX_DEPLOYMENT_TARGET = 13.1;
				MARKETING_VERSION = 1.0;
				PRODUCT_BUNDLE_IDENTIFIER = fusethnd.RandomNumberTests;
				PRODUCT_NAME = "$(TARGET_NAME)";
				SDKROOT = auto;
				SUPPORTED_PLATFORMS = "iphoneos iphonesimulator macosx";
				SWIFT_EMIT_LOC_STRINGS = NO;
				SWIFT_VERSION = 5.0;
				TARGETED_DEVICE_FAMILY = "1,2";
				TEST_HOST = "$(BUILT_PRODUCTS_DIR)/RandomNumber.app/$(BUNDLE_EXECUTABLE_FOLDER_PATH)/RandomNumber";
			};
			name = Release;
		};
		A90174F32B5A723800FF390C /* Debug */ = {
			isa = XCBuildConfiguration;
			buildSettings = {
				ALWAYS_EMBED_SWIFT_STANDARD_LIBRARIES = YES;
				CODE_SIGN_STYLE = Automatic;
				CURRENT_PROJECT_VERSION = 1;
				DEVELOPMENT_TEAM = 8384YBDT96;
				GENERATE_INFOPLIST_FILE = YES;
				IPHONEOS_DEPLOYMENT_TARGET = 16.4;
				MACOSX_DEPLOYMENT_TARGET = 13.1;
				MARKETING_VERSION = 1.0;
				PRODUCT_BUNDLE_IDENTIFIER = fusethnd.RandomNumberUITests;
				PRODUCT_NAME = "$(TARGET_NAME)";
				SDKROOT = auto;
				SUPPORTED_PLATFORMS = "iphoneos iphonesimulator macosx";
				SWIFT_EMIT_LOC_STRINGS = NO;
				SWIFT_VERSION = 5.0;
				TARGETED_DEVICE_FAMILY = "1,2";
				TEST_TARGET_NAME = RandomNumber;
			};
			name = Debug;
		};
		A90174F42B5A723800FF390C /* Release */ = {
			isa = XCBuildConfiguration;
			buildSettings = {
				ALWAYS_EMBED_SWIFT_STANDARD_LIBRARIES = YES;
				CODE_SIGN_STYLE = Automatic;
				CURRENT_PROJECT_VERSION = 1;
				DEVELOPMENT_TEAM = 8384YBDT96;
				GENERATE_INFOPLIST_FILE = YES;
				IPHONEOS_DEPLOYMENT_TARGET = 16.4;
				MACOSX_DEPLOYMENT_TARGET = 13.1;
				MARKETING_VERSION = 1.0;
				PRODUCT_BUNDLE_IDENTIFIER = fusethnd.RandomNumberUITests;
				PRODUCT_NAME = "$(TARGET_NAME)";
				SDKROOT = auto;
				SUPPORTED_PLATFORMS = "iphoneos iphonesimulator macosx";
				SWIFT_EMIT_LOC_STRINGS = NO;
				SWIFT_VERSION = 5.0;
				TARGETED_DEVICE_FAMILY = "1,2";
				TEST_TARGET_NAME = RandomNumber;
			};
			name = Release;
		};
/* End XCBuildConfiguration section */

/* Begin XCConfigurationList section */
		A90174C22B5A723600FF390C /* Build configuration list for PBXProject "RandomNumber" */ = {
			isa = XCConfigurationList;
			buildConfigurations = (
				A90174EA2B5A723800FF390C /* Debug */,
				A90174EB2B5A723800FF390C /* Release */,
			);
			defaultConfigurationIsVisible = 0;
			defaultConfigurationName = Release;
		};
		A90174EC2B5A723800FF390C /* Build configuration list for PBXNativeTarget "RandomNumber" */ = {
			isa = XCConfigurationList;
			buildConfigurations = (
				A90174ED2B5A723800FF390C /* Debug */,
				A90174EE2B5A723800FF390C /* Release */,
			);
			defaultConfigurationIsVisible = 0;
			defaultConfigurationName = Release;
		};
		A90174EF2B5A723800FF390C /* Build configuration list for PBXNativeTarget "RandomNumberTests" */ = {
			isa = XCConfigurationList;
			buildConfigurations = (
				A90174F02B5A723800FF390C /* Debug */,
				A90174F12B5A723800FF390C /* Release */,
			);
			defaultConfigurationIsVisible = 0;
			defaultConfigurationName = Release;
		};
		A90174F22B5A723800FF390C /* Build configuration list for PBXNativeTarget "RandomNumberUITests" */ = {
			isa = XCConfigurationList;
			buildConfigurations = (
				A90174F32B5A723800FF390C /* Debug */,
				A90174F42B5A723800FF390C /* Release */,
			);
			defaultConfigurationIsVisible = 0;
			defaultConfigurationName = Release;
		};
/* End XCConfigurationList section */
	};
	rootObject = A90174BF2B5A723600FF390C /* Project object */;
}
